
Microsoft Visual Studio Solution File, Format Version 12.00
# Visual Studio Version 17
VisualStudioVersion = 17.0.32014.148
MinimumVisualStudioVersion = 10.0.40219.1
Project("{FAE04EC0-301F-11D3-BF4B-00C04F79EFBC}") = "PiWebApp", "PiWebApp.csproj", "{A61C174C-BA3C-406E-8727-9815D4497037}"
EndProject
Global
	GlobalSection(SolutionConfigurationPlatforms) = preSolution
		Debug|Any CPU = Debug|Any CPU
		Release|Any CPU = Release|Any CPU
	EndGlobalSection
	GlobalSection(ProjectConfigurationPlatforms) = postSolution
		{A61C174C-BA3C-406E-8727-9815D4497037}.Debug|Any CPU.ActiveCfg = Debug|Any CPU
		{A61C174C-BA3C-406E-8727-9815D4497037}.Debug|Any CPU.Build.0 = Debug|Any CPU
		{A61C174C-BA3C-406E-8727-9815D4497037}.Release|Any CPU.ActiveCfg = Release|Any CPU
		{A61C174C-BA3C-406E-8727-9815D4497037}.Release|Any CPU.Build.0 = Release|Any CPU
	EndGlobalSection
	GlobalSection(SolutionProperties) = preSolution
		HideSolutionNode = FALSE
	EndGlobalSection
	GlobalSection(ExtensibilityGlobals) = postSolution
		SolutionGuid = {1CCE47A2-B8DB-493D-B109-FEDF0E8023AF}
	EndGlobalSection
EndGlobal
